// !$*UTF8*$!
{
	archiveVersion = 1;
	classes = {
	};
	objectVersion = 77;
	objects = {

/* Begin PBXContainerItemProxy section */
		C63E2E412E5936E8009FECB5 /* PBXContainerItemProxy */ = {
			isa = PBXContainerItemProxy;
			containerPortal = C63E2E282E5936E7009FECB5 /* Project object */;
			proxyType = 1;
			remoteGlobalIDString = C63E2E2F2E5936E7009FECB5;
			remoteInfo = "Practice Room: Chat";
		};
		C63E2E4B2E5936E8009FECB5 /* PBXContainerItemProxy */ = {
			isa = PBXContainerItemProxy;
			containerPortal = C63E2E282E5936E7009FECB5 /* Project object */;
			proxyType = 1;
			remoteGlobalIDString = C63E2E2F2E5936E7009FECB5;
			remoteInfo = "Practice Room: Chat";
		};
/* End PBXContainerItemProxy section */

/* Begin PBXFileReference section */
		C63E2E302E5936E7009FECB5 /* Practice Room: Chat.app */ = {isa = PBXFileReference; explicitFileType = wrapper.application; includeInIndex = 0; path = "Practice Room: Chat.app"; sourceTree = BUILT_PRODUCTS_DIR; };
		C63E2E402E5936E8009FECB5 /* Practice Room: ChatTests.xctest */ = {isa = PBXFileReference; explicitFileType = wrapper.cfbundle; includeInIndex = 0; path = "Practice Room: ChatTests.xctest"; sourceTree = BUILT_PRODUCTS_DIR; };
		C63E2E4A2E5936E8009FECB5 /* Practice Room: ChatUITests.xctest */ = {isa = PBXFileReference; explicitFileType = wrapper.cfbundle; includeInIndex = 0; path = "Practice Room: ChatUITests.xctest"; sourceTree = BUILT_PRODUCTS_DIR; };
/* End PBXFileReference section */

/* Begin PBXFileSystemSynchronizedRootGroup section */
		C63E2E322E5936E7009FECB5 /* Practice Room: Chat */ = {
			isa = PBXFileSystemSynchronizedRootGroup;
			path = "Practice Room: Chat";
			sourceTree = "<group>";
		};
		C63E2E432E5936E8009FECB5 /* Practice Room: ChatTests */ = {
			isa = PBXFileSystemSynchronizedRootGroup;
			path = "Practice Room: ChatTests";
			sourceTree = "<group>";
		};
		C63E2E4D2E5936E8009FECB5 /* Practice Room: ChatUITests */ = {
			isa = PBXFileSystemSynchronizedRootGroup;
			path = "Practice Room: ChatUITests";
			sourceTree = "<group>";
		};
/* End PBXFileSystemSynchronizedRootGroup section */

/* Begin PBXFrameworksBuildPhase section */
		C63E2E2D2E5936E7009FECB5 /* Frameworks */ = {
			isa = PBXFrameworksBuildPhase;
			buildActionMask = 2147483647;
			files = (
			);
			runOnlyForDeploymentPostprocessing = 0;
		};
		C63E2E3D2E5936E8009FECB5 /* Frameworks */ = {
			isa = PBXFrameworksBuildPhase;
			buildActionMask = 2147483647;
			files = (
			);
			runOnlyForDeploymentPostprocessing = 0;
		};
		C63E2E472E5936E8009FECB5 /* Frameworks */ = {
			isa = PBXFrameworksBuildPhase;
			buildActionMask = 2147483647;
			files = (
			);
			runOnlyForDeploymentPostprocessing = 0;
		};
/* End PBXFrameworksBuildPhase section */

/* Begin PBXGroup section */
		C63E2E272E5936E7009FECB5 = {
			isa = PBXGroup;
			children = (
				C63E2E322E5936E7009FECB5 /* Practice Room: Chat */,
				C63E2E432E5936E8009FECB5 /* Practice Room: ChatTests */,
				C63E2E4D2E5936E8009FECB5 /* Practice Room: ChatUITests */,
				C63E2E312E5936E7009FECB5 /* Products */,
			);
			sourceTree = "<group>";
		};
		C63E2E312E5936E7009FECB5 /* Products */ = {
			isa = PBXGroup;
			children = (
				C63E2E302E5936E7009FECB5 /* Practice Room: Chat.app */,
				C63E2E402E5936E8009FECB5 /* Practice Room: ChatTests.xctest */,
				C63E2E4A2E5936E8009FECB5 /* Practice Room: ChatUITests.xctest */,
			);
			name = Products;
			sourceTree = "<group>";
		};
/* End PBXGroup section */

/* Begin PBXNativeTarget section */
		C63E2E2F2E5936E7009FECB5 /* Practice Room: Chat */ = {
			isa = PBXNativeTarget;
			buildConfigurationList = C63E2E542E5936E8009FECB5 /* Build configuration list for PBXNativeTarget "Practice Room: Chat" */;
			buildPhases = (
				C63E2E2C2E5936E7009FECB5 /* Sources */,
				C63E2E2D2E5936E7009FECB5 /* Frameworks */,
				C63E2E2E2E5936E7009FECB5 /* Resources */,
			);
			buildRules = (
			);
			dependencies = (
			);
			fileSystemSynchronizedGroups = (
				C63E2E322E5936E7009FECB5 /* Practice Room: Chat */,
			);
			name = "Practice Room: Chat";
			packageProductDependencies = (
			);
			productName = "Practice Room: Chat";
			productReference = C63E2E302E5936E7009FECB5 /* Practice Room: Chat.app */;
			productType = "com.apple.product-type.application";
		};
		C63E2E3F2E5936E8009FECB5 /* Practice Room: ChatTests */ = {
			isa = PBXNativeTarget;
			buildConfigurationList = C63E2E572E5936E8009FECB5 /* Build configuration list for PBXNativeTarget "Practice Room: ChatTests" */;
			buildPhases = (
				C63E2E3C2E5936E8009FECB5 /* Sources */,
				C63E2E3D2E5936E8009FECB5 /* Frameworks */,
				C63E2E3E2E5936E8009FECB5 /* Resources */,
			);
			buildRules = (
			);
			dependencies = (
				C63E2E422E5936E8009FECB5 /* PBXTargetDependency */,
			);
			fileSystemSynchronizedGroups = (
				C63E2E432E5936E8009FECB5 /* Practice Room: ChatTests */,
			);
			name = "Practice Room: ChatTests";
			packageProductDependencies = (
			);
			productName = "Practice Room: ChatTests";
			productReference = C63E2E402E5936E8009FECB5 /* Practice Room: ChatTests.xctest */;
			productType = "com.apple.product-type.bundle.unit-test";
		};
		C63E2E492E5936E8009FECB5 /* Practice Room: ChatUITests */ = {
			isa = PBXNativeTarget;
			buildConfigurationList = C63E2E5A2E5936E8009FECB5 /* Build configuration list for PBXNativeTarget "Practice Room: ChatUITests" */;
			buildPhases = (
				C63E2E462E5936E8009FECB5 /* Sources */,
				C63E2E472E5936E8009FECB5 /* Frameworks */,
				C63E2E482E5936E8009FECB5 /* Resources */,
			);
			buildRules = (
			);
			dependencies = (
				C63E2E4C2E5936E8009FECB5 /* PBXTargetDependency */,
			);
			fileSystemSynchronizedGroups = (
				C63E2E4D2E5936E8009FECB5 /* Practice Room: ChatUITests */,
			);
			name = "Practice Room: ChatUITests";
			packageProductDependencies = (
			);
			productName = "Practice Room: ChatUITests";
			productReference = C63E2E4A2E5936E8009FECB5 /* Practice Room: ChatUITests.xctest */;
			productType = "com.apple.product-type.bundle.ui-testing";
		};
/* End PBXNativeTarget section */

/* Begin PBXProject section */
		C63E2E282E5936E7009FECB5 /* Project object */ = {
			isa = PBXProject;
			attributes = {
				BuildIndependentTargetsInParallel = 1;
				LastSwiftUpdateCheck = 1620;
				LastUpgradeCheck = 1620;
				TargetAttributes = {
					C63E2E2F2E5936E7009FECB5 = {
						CreatedOnToolsVersion = 16.2;
					};
					C63E2E3F2E5936E8009FECB5 = {
						CreatedOnToolsVersion = 16.2;
						TestTargetID = C63E2E2F2E5936E7009FECB5;
					};
					C63E2E492E5936E8009FECB5 = {
						CreatedOnToolsVersion = 16.2;
						TestTargetID = C63E2E2F2E5936E7009FECB5;
					};
				};
			};
			buildConfigurationList = C63E2E2B2E5936E7009FECB5 /* Build configuration list for PBXProject "Practice Room: Chat" */;
			developmentRegion = en;
			hasScannedForEncodings = 0;
			knownRegions = (
				en,
				Base,
			);
			mainGroup = C63E2E272E5936E7009FECB5;
			minimizedProjectReferenceProxies = 1;
			preferredProjectObjectVersion = 77;
			productRefGroup = C63E2E312E5936E7009FECB5 /* Products */;
			projectDirPath = "";
			projectRoot = "";
			targets = (
				C63E2E2F2E5936E7009FECB5 /* Practice Room: Chat */,
				C63E2E3F2E5936E8009FECB5 /* Practice Room: ChatTests */,
				C63E2E492E5936E8009FECB5 /* Practice Room: ChatUITests */,
			);
		};
/* End PBXProject section */

/* Begin PBXResourcesBuildPhase section */
		C63E2E2E2E5936E7009FECB5 /* Resources */ = {
			isa = PBXResourcesBuildPhase;
			buildActionMask = 2147483647;
			files = (
			);
			runOnlyForDeploymentPostprocessing = 0;
		};
		C63E2E3E2E5936E8009FECB5 /* Resources */ = {
			isa = PBXResourcesBuildPhase;
			buildActionMask = 2147483647;
			files = (
			);
			runOnlyForDeploymentPostprocessing = 0;
		};
		C63E2E482E5936E8009FECB5 /* Resources */ = {
			isa = PBXResourcesBuildPhase;
			buildActionMask = 2147483647;
			files = (
			);
			runOnlyForDeploymentPostprocessing = 0;
		};
/* End PBXResourcesBuildPhase section */

/* Begin PBXSourcesBuildPhase section */
		C63E2E2C2E5936E7009FECB5 /* Sources */ = {
			isa = PBXSourcesBuildPhase;
			buildActionMask = 2147483647;
			files = (
			);
			runOnlyForDeploymentPostprocessing = 0;
		};
		C63E2E3C2E5936E8009FECB5 /* Sources */ = {
			isa = PBXSourcesBuildPhase;
			buildActionMask = 2147483647;
			files = (
			);
			runOnlyForDeploymentPostprocessing = 0;
		};
		C63E2E462E5936E8009FECB5 /* Sources */ = {
			isa = PBXSourcesBuildPhase;
			buildActionMask = 2147483647;
			files = (
			);
			runOnlyForDeploymentPostprocessing = 0;
		};
/* End PBXSourcesBuildPhase section */

/* Begin PBXTargetDependency section */
		C63E2E422E5936E8009FECB5 /* PBXTargetDependency */ = {
			isa = PBXTargetDependency;
			target = C63E2E2F2E5936E7009FECB5 /* Practice Room: Chat */;
			targetProxy = C63E2E412E5936E8009FECB5 /* PBXContainerItemProxy */;
		};
		C63E2E4C2E5936E8009FECB5 /* PBXTargetDependency */ = {
			isa = PBXTargetDependency;
			target = C63E2E2F2E5936E7009FECB5 /* Practice Room: Chat */;
			targetProxy = C63E2E4B2E5936E8009FECB5 /* PBXContainerItemProxy */;
		};
/* End PBXTargetDependency section */

/* Begin XCBuildConfiguration section */
		C63E2E522E5936E8009FECB5 /* Debug */ = {
			isa = XCBuildConfiguration;
			buildSettings = {
				ALWAYS_SEARCH_USER_PATHS = NO;
				ASSETCATALOG_COMPILER_GENERATE_SWIFT_ASSET_SYMBOL_EXTENSIONS = YES;
				CLANG_ANALYZER_NONNULL = YES;
				CLANG_ANALYZER_NUMBER_OBJECT_CONVERSION = YES_AGGRESSIVE;
				CLANG_CXX_LANGUAGE_STANDARD = "gnu++20";
				CLANG_ENABLE_MODULES = YES;
				CLANG_ENABLE_OBJC_ARC = YES;
				CLANG_ENABLE_OBJC_WEAK = YES;
				CLANG_WARN_BLOCK_CAPTURE_AUTORELEASING = YES;
				CLANG_WARN_BOOL_CONVERSION = YES;
				CLANG_WARN_COMMA = YES;
				CLANG_WARN_CONSTANT_CONVERSION = YES;
				CLANG_WARN_DEPRECATED_OBJC_IMPLEMENTATIONS = YES;
				CLANG_WARN_DIRECT_OBJC_ISA_USAGE = YES_ERROR;
				CLANG_WARN_DOCUMENTATION_COMMENTS = YES;
				CLANG_WARN_EMPTY_BODY = YES;
				CLANG_WARN_ENUM_CONVERSION = YES;
				CLANG_WARN_INFINITE_RECURSION = YES;
				CLANG_WARN_INT_CONVERSION = YES;
				CLANG_WARN_NON_LITERAL_NULL_CONVERSION = YES;
				CLANG_WARN_OBJC_IMPLICIT_RETAIN_SELF = YES;
				CLANG_WARN_OBJC_LITERAL_CONVERSION = YES;
				CLANG_WARN_OBJC_ROOT_CLASS = YES_ERROR;
				CLANG_WARN_QUOTED_INCLUDE_IN_FRAMEWORK_HEADER = YES;
				CLANG_WARN_RANGE_LOOP_ANALYSIS = YES;
				CLANG_WARN_STRICT_PROTOTYPES = YES;
				CLANG_WARN_SUSPICIOUS_MOVE = YES;
				CLANG_WARN_UNGUARDED_AVAILABILITY = YES_AGGRESSIVE;
				CLANG_WARN_UNREACHABLE_CODE = YES;
				CLANG_WARN__DUPLICATE_METHOD_MATCH = YES;
				COPY_PHASE_STRIP = NO;
				DEBUG_INFORMATION_FORMAT = dwarf;
				ENABLE_STRICT_OBJC_MSGSEND = YES;
				ENABLE_TESTABILITY = YES;
				ENABLE_USER_SCRIPT_SANDBOXING = YES;
				GCC_C_LANGUAGE_STANDARD = gnu17;
				GCC_DYNAMIC_NO_PIC = NO;
				GCC_NO_COMMON_BLOCKS = YES;
				GCC_OPTIMIZATION_LEVEL = 0;
				GCC_PREPROCESSOR_DEFINITIONS = (
					"DEBUG=1",
					"$(inherited)",
				);
				GCC_WARN_64_TO_32_BIT_CONVERSION = YES;
				GCC_WARN_ABOUT_RETURN_TYPE = YES_ERROR;
				GCC_WARN_UNDECLARED_SELECTOR = YES;
				GCC_WARN_UNINITIALIZED_AUTOS = YES_AGGRESSIVE;
				GCC_WARN_UNUSED_FUNCTION = YES;
				GCC_WARN_UNUSED_VARIABLE = YES;
				IPHONEOS_DEPLOYMENT_TARGET = 18.2;
				LOCALIZATION_PREFERS_STRING_CATALOGS = YES;
				MTL_ENABLE_DEBUG_INFO = INCLUDE_SOURCE;
				MTL_FAST_MATH = YES;
				ONLY_ACTIVE_ARCH = YES;
				SDKROOT = iphoneos;
				SWIFT_ACTIVE_COMPILATION_CONDITIONS = "DEBUG $(inherited)";
				SWIFT_OPTIMIZATION_LEVEL = "-Onone";
			};
			name = Debug;
		};
		C63E2E532E5936E8009FECB5 /* Release */ = {
			isa = XCBuildConfiguration;
			buildSettings = {
				ALWAYS_SEARCH_USER_PATHS = NO;
				ASSETCATALOG_COMPILER_GENERATE_SWIFT_ASSET_SYMBOL_EXTENSIONS = YES;
				CLANG_ANALYZER_NONNULL = YES;
				CLANG_ANALYZER_NUMBER_OBJECT_CONVERSION = YES_AGGRESSIVE;
				CLANG_CXX_LANGUAGE_STANDARD = "gnu++20";
				CLANG_ENABLE_MODULES = YES;
				CLANG_ENABLE_OBJC_ARC = YES;
				CLANG_ENABLE_OBJC_WEAK = YES;
				CLANG_WARN_BLOCK_CAPTURE_AUTORELEASING = YES;
				CLANG_WARN_BOOL_CONVERSION = YES;
				CLANG_WARN_COMMA = YES;
				CLANG_WARN_CONSTANT_CONVERSION = YES;
				CLANG_WARN_DEPRECATED_OBJC_IMPLEMENTATIONS = YES;
				CLANG_WARN_DIRECT_OBJC_ISA_USAGE = YES_ERROR;
				CLANG_WARN_DOCUMENTATION_COMMENTS = YES;
				CLANG_WARN_EMPTY_BODY = YES;
				CLANG_WARN_ENUM_CONVERSION = YES;
				CLANG_WARN_INFINITE_RECURSION = YES;
				CLANG_WARN_INT_CONVERSION = YES;
				CLANG_WARN_NON_LITERAL_NULL_CONVERSION = YES;
				CLANG_WARN_OBJC_IMPLICIT_RETAIN_SELF = YES;
				CLANG_WARN_OBJC_LITERAL_CONVERSION = YES;
				CLANG_WARN_OBJC_ROOT_CLASS = YES_ERROR;
				CLANG_WARN_QUOTED_INCLUDE_IN_FRAMEWORK_HEADER = YES;
				CLANG_WARN_RANGE_LOOP_ANALYSIS = YES;
				CLANG_WARN_STRICT_PROTOTYPES = YES;
				CLANG_WARN_SUSPICIOUS_MOVE = YES;
				CLANG_WARN_UNGUARDED_AVAILABILITY = YES_AGGRESSIVE;
				CLANG_WARN_UNREACHABLE_CODE = YES;
				CLANG_WARN__DUPLICATE_METHOD_MATCH = YES;
				COPY_PHASE_STRIP = NO;
				DEBUG_INFORMATION_FORMAT = "dwarf-with-dsym";
				ENABLE_NS_ASSERTIONS = NO;
				ENABLE_STRICT_OBJC_MSGSEND = YES;
				ENABLE_USER_SCRIPT_SANDBOXING = YES;
				GCC_C_LANGUAGE_STANDARD = gnu17;
				GCC_NO_COMMON_BLOCKS = YES;
				GCC_WARN_64_TO_32_BIT_CONVERSION = YES;
				GCC_WARN_ABOUT_RETURN_TYPE = YES_ERROR;
				GCC_WARN_UNDECLARED_SELECTOR = YES;
				GCC_WARN_UNINITIALIZED_AUTOS = YES_AGGRESSIVE;
				GCC_WARN_UNUSED_FUNCTION = YES;
				GCC_WARN_UNUSED_VARIABLE = YES;
				IPHONEOS_DEPLOYMENT_TARGET = 18.2;
				LOCALIZATION_PREFERS_STRING_CATALOGS = YES;
				MTL_ENABLE_DEBUG_INFO = NO;
				MTL_FAST_MATH = YES;
				SDKROOT = iphoneos;
				SWIFT_COMPILATION_MODE = wholemodule;
				VALIDATE_PRODUCT = YES;
			};
			name = Release;
		};
		C63E2E552E5936E8009FECB5 /* Debug */ = {
			isa = XCBuildConfiguration;
			buildSettings = {
				ASSETCATALOG_COMPILER_APPICON_NAME = AppIcon;
				ASSETCATALOG_COMPILER_GLOBAL_ACCENT_COLOR_NAME = AccentColor;
				CODE_SIGN_STYLE = Automatic;
				CURRENT_PROJECT_VERSION = 1;
				DEVELOPMENT_ASSET_PATHS = "\"Practice Room: Chat/Preview Content\"";
				DEVELOPMENT_TEAM = H888J769YT;
				ENABLE_PREVIEWS = YES;
				GENERATE_INFOPLIST_FILE = YES;
				INFOPLIST_KEY_UIApplicationSceneManifest_Generation = YES;
				INFOPLIST_KEY_UIApplicationSupportsIndirectInputEvents = YES;
				INFOPLIST_KEY_UILaunchScreen_Generation = YES;
				INFOPLIST_KEY_UISupportedInterfaceOrientations_iPad = "UIInterfaceOrientationPortrait UIInterfaceOrientationPortraitUpsideDown UIInterfaceOrientationLandscapeLeft UIInterfaceOrientationLandscapeRight";
				INFOPLIST_KEY_UISupportedInterfaceOrientations_iPhone = "UIInterfaceOrientationPortrait UIInterfaceOrientationLandscapeLeft UIInterfaceOrientationLandscapeRight";
				LD_RUNPATH_SEARCH_PATHS = (
					"$(inherited)",
					"@executable_path/Frameworks",
				);
				MARKETING_VERSION = 1.0;
				PRODUCT_BUNDLE_IDENTIFIER = "Aristotle-F.Practice-Room--Chat";
				PRODUCT_NAME = "$(TARGET_NAME)";
				SWIFT_EMIT_LOC_STRINGS = YES;
				SWIFT_VERSION = 5.0;
				TARGETED_DEVICE_FAMILY = "1,2";
			};
			name = Debug;
		};
		C63E2E562E5936E8009FECB5 /* Release */ = {
			isa = XCBuildConfiguration;
			buildSettings = {
				ASSETCATALOG_COMPILER_APPICON_NAME = AppIcon;
				ASSETCATALOG_COMPILER_GLOBAL_ACCENT_COLOR_NAME = AccentColor;
				CODE_SIGN_STYLE = Automatic;
				CURRENT_PROJECT_VERSION = 1;
				DEVELOPMENT_ASSET_PATHS = "\"Practice Room: Chat/Preview Content\"";
				DEVELOPMENT_TEAM = H888J769YT;
				ENABLE_PREVIEWS = YES;
				GENERATE_INFOPLIST_FILE = YES;
				INFOPLIST_KEY_UIApplicationSceneManifest_Generation = YES;
				INFOPLIST_KEY_UIApplicationSupportsIndirectInputEvents = YES;
				INFOPLIST_KEY_UILaunchScreen_Generation = YES;
				INFOPLIST_KEY_UISupportedInterfaceOrientations_iPad = "UIInterfaceOrientationPortrait UIInterfaceOrientationPortraitUpsideDown UIInterfaceOrientationLandscapeLeft UIInterfaceOrientationLandscapeRight";
				INFOPLIST_KEY_UISupportedInterfaceOrientations_iPhone = "UIInterfaceOrientationPortrait UIInterfaceOrientationLandscapeLeft UIInterfaceOrientationLandscapeRight";
				LD_RUNPATH_SEARCH_PATHS = (
					"$(inherited)",
					"@executable_path/Frameworks",
				);
				MARKETING_VERSION = 1.0;
				PRODUCT_BUNDLE_IDENTIFIER = "Aristotle-F.Practice-Room--Chat";
				PRODUCT_NAME = "$(TARGET_NAME)";
				SWIFT_EMIT_LOC_STRINGS = YES;
				SWIFT_VERSION = 5.0;
				TARGETED_DEVICE_FAMILY = "1,2";
			};
			name = Release;
		};
		C63E2E582E5936E8009FECB5 /* Debug */ = {
			isa = XCBuildConfiguration;
			buildSettings = {
				BUNDLE_LOADER = "$(TEST_HOST)";
				CODE_SIGN_STYLE = Automatic;
				CURRENT_PROJECT_VERSION = 1;
				DEVELOPMENT_TEAM = H888J769YT;
				GENERATE_INFOPLIST_FILE = YES;
				IPHONEOS_DEPLOYMENT_TARGET = 18.2;
				MARKETING_VERSION = 1.0;
				PRODUCT_BUNDLE_IDENTIFIER = "Aristotle-F.Practice-Room--ChatTests";
				PRODUCT_NAME = "$(TARGET_NAME)";
				SWIFT_EMIT_LOC_STRINGS = NO;
				SWIFT_VERSION = 5.0;
				TARGETED_DEVICE_FAMILY = "1,2";
				TEST_HOST = "$(BUILT_PRODUCTS_DIR)/Practice Room: Chat.app/$(BUNDLE_EXECUTABLE_FOLDER_PATH)/Practice Room: Chat";
			};
			name = Debug;
		};
		C63E2E592E5936E8009FECB5 /* Release */ = {
			isa = XCBuildConfiguration;
			buildSettings = {
				BUNDLE_LOADER = "$(TEST_HOST)";
				CODE_SIGN_STYLE = Automatic;
				CURRENT_PROJECT_VERSION = 1;
				DEVELOPMENT_TEAM = H888J769YT;
				GENERATE_INFOPLIST_FILE = YES;
				IPHONEOS_DEPLOYMENT_TARGET = 18.2;
				MARKETING_VERSION = 1.0;
				PRODUCT_BUNDLE_IDENTIFIER = "Aristotle-F.Practice-Room--ChatTests";
				PRODUCT_NAME = "$(TARGET_NAME)";
				SWIFT_EMIT_LOC_STRINGS = NO;
				SWIFT_VERSION = 5.0;
				TARGETED_DEVICE_FAMILY = "1,2";
				TEST_HOST = "$(BUILT_PRODUCTS_DIR)/Practice Room: Chat.app/$(BUNDLE_EXECUTABLE_FOLDER_PATH)/Practice Room: Chat";
			};
			name = Release;
		};
		C63E2E5B2E5936E8009FECB5 /* Debug */ = {
			isa = XCBuildConfiguration;
			buildSettings = {
				CODE_SIGN_STYLE = Automatic;
				CURRENT_PROJECT_VERSION = 1;
				DEVELOPMENT_TEAM = H888J769YT;
				GENERATE_INFOPLIST_FILE = YES;
				MARKETING_VERSION = 1.0;
				PRODUCT_BUNDLE_IDENTIFIER = "Aristotle-F.Practice-Room--ChatUITests";
				PRODUCT_NAME = "$(TARGET_NAME)";
				SWIFT_EMIT_LOC_STRINGS = NO;
				SWIFT_VERSION = 5.0;
				TARGETED_DEVICE_FAMILY = "1,2";
				TEST_TARGET_NAME = "Practice Room: Chat";
			};
			name = Debug;
		};
		C63E2E5C2E5936E8009FECB5 /* Release */ = {
			isa = XCBuildConfiguration;
			buildSettings = {
				CODE_SIGN_STYLE = Automatic;
				CURRENT_PROJECT_VERSION = 1;
				DEVELOPMENT_TEAM = H888J769YT;
				GENERATE_INFOPLIST_FILE = YES;
				MARKETING_VERSION = 1.0;
				PRODUCT_BUNDLE_IDENTIFIER = "Aristotle-F.Practice-Room--ChatUITests";
				PRODUCT_NAME = "$(TARGET_NAME)";
				SWIFT_EMIT_LOC_STRINGS = NO;
				SWIFT_VERSION = 5.0;
				TARGETED_DEVICE_FAMILY = "1,2";
				TEST_TARGET_NAME = "Practice Room: Chat";
			};
			name = Release;
		};
/* End XCBuildConfiguration section */

/* Begin XCConfigurationList section */
		C63E2E2B2E5936E7009FECB5 /* Build configuration list for PBXProject "Practice Room: Chat" */ = {
			isa = XCConfigurationList;
			buildConfigurations = (
				C63E2E522E5936E8009FECB5 /* Debug */,
				C63E2E532E5936E8009FECB5 /* Release */,
			);
			defaultConfigurationIsVisible = 0;
			defaultConfigurationName = Release;
		};
		C63E2E542E5936E8009FECB5 /* Build configuration list for PBXNativeTarget "Practice Room: Chat" */ = {
			isa = XCConfigurationList;
			buildConfigurations = (
				C63E2E552E5936E8009FECB5 /* Debug */,
				C63E2E562E5936E8009FECB5 /* Release */,
			);
			defaultConfigurationIsVisible = 0;
			defaultConfigurationName = Release;
		};
		C63E2E572E5936E8009FECB5 /* Build configuration list for PBXNativeTarget "Practice Room: ChatTests" */ = {
			isa = XCConfigurationList;
			buildConfigurations = (
				C63E2E582E5936E8009FECB5 /* Debug */,
				C63E2E592E5936E8009FECB5 /* Release */,
			);
			defaultConfigurationIsVisible = 0;
			defaultConfigurationName = Release;
		};
		C63E2E5A2E5936E8009FECB5 /* Build configuration list for PBXNativeTarget "Practice Room: ChatUITests" */ = {
			isa = XCConfigurationList;
			buildConfigurations = (
				C63E2E5B2E5936E8009FECB5 /* Debug */,
				C63E2E5C2E5936E8009FECB5 /* Release */,
			);
			defaultConfigurationIsVisible = 0;
			defaultConfigurationName = Release;
		};
/* End XCConfigurationList section */
	};
	rootObject = C63E2E282E5936E7009FECB5 /* Project object */;
}
