// !$*UTF8*$!
{
	archiveVersion = 1;
	classes = {
	};
	objectVersion = 77;
	objects = {

/* Begin PBXBuildFile section */
		C63E2F012E5EC638009FECB5 /* FirebaseAI in Frameworks */ = {isa = PBXBuildFile; productRef = C63E2F002E5EC638009FECB5 /* FirebaseAI */; };
		C63E2F032E5EC638009FECB5 /* FirebaseAnalytics in Frameworks */ = {isa = PBXBuildFile; productRef = C63E2F022E5EC638009FECB5 /* FirebaseAnalytics */; };
		C63E2F052E5EC638009FECB5 /* FirebaseAnalyticsCore in Frameworks */ = {isa = PBXBuildFile; productRef = C63E2F042E5EC638009FECB5 /* FirebaseAnalyticsCore */; };
		C63E2F072E5EC638009FECB5 /* FirebaseAnalyticsIdentitySupport in Frameworks */ = {isa = PBXBuildFile; productRef = C63E2F062E5EC638009FECB5 /* FirebaseAnalyticsIdentitySupport */; };
		C63E2F092E5EC638009FECB5 /* FirebaseAppCheck in Frameworks */ = {isa = PBXBuildFile; productRef = C63E2F082E5EC638009FECB5 /* FirebaseAppCheck */; };
		C63E2F0B2E5EC638009FECB5 /* FirebaseAppDistribution-Beta in Frameworks */ = {isa = PBXBuildFile; productRef = C63E2F0A2E5EC638009FECB5 /* FirebaseAppDistribution-Beta */; };
		C63E2F0D2E5EC638009FECB5 /* FirebaseAuth in Frameworks */ = {isa = PBXBuildFile; productRef = C63E2F0C2E5EC638009FECB5 /* FirebaseAuth */; };
		C63E2F0F2E5EC638009FECB5 /* FirebaseAuthCombine-Community in Frameworks */ = {isa = PBXBuildFile; productRef = C63E2F0E2E5EC638009FECB5 /* FirebaseAuthCombine-Community */; };
		C63E2F112E5EC638009FECB5 /* FirebaseCore in Frameworks */ = {isa = PBXBuildFile; productRef = C63E2F102E5EC638009FECB5 /* FirebaseCore */; };
		C63E2F132E5EC638009FECB5 /* FirebaseCrashlytics in Frameworks */ = {isa = PBXBuildFile; productRef = C63E2F122E5EC638009FECB5 /* FirebaseCrashlytics */; };
		C63E2F152E5EC638009FECB5 /* FirebaseDatabase in Frameworks */ = {isa = PBXBuildFile; productRef = C63E2F142E5EC638009FECB5 /* FirebaseDatabase */; };
		C63E2F172E5EC638009FECB5 /* FirebaseFirestore in Frameworks */ = {isa = PBXBuildFile; productRef = C63E2F162E5EC638009FECB5 /* FirebaseFirestore */; };
		C63E2F192E5EC638009FECB5 /* FirebaseFirestoreCombine-Community in Frameworks */ = {isa = PBXBuildFile; productRef = C63E2F182E5EC638009FECB5 /* FirebaseFirestoreCombine-Community */; };
		C63E2F1B2E5EC638009FECB5 /* FirebaseFunctions in Frameworks */ = {isa = PBXBuildFile; productRef = C63E2F1A2E5EC638009FECB5 /* FirebaseFunctions */; };
		C63E2F1D2E5EC638009FECB5 /* FirebaseFunctionsCombine-Community in Frameworks */ = {isa = PBXBuildFile; productRef = C63E2F1C2E5EC638009FECB5 /* FirebaseFunctionsCombine-Community */; };
		C63E2F1F2E5EC638009FECB5 /* FirebaseInAppMessaging-Beta in Frameworks */ = {isa = PBXBuildFile; productRef = C63E2F1E2E5EC638009FECB5 /* FirebaseInAppMessaging-Beta */; };
		C63E2F212E5EC638009FECB5 /* FirebaseInstallations in Frameworks */ = {isa = PBXBuildFile; productRef = C63E2F202E5EC638009FECB5 /* FirebaseInstallations */; };
		C63E2F232E5EC638009FECB5 /* FirebaseMLModelDownloader in Frameworks */ = {isa = PBXBuildFile; productRef = C63E2F222E5EC638009FECB5 /* FirebaseMLModelDownloader */; };
		C63E2F252E5EC638009FECB5 /* FirebaseMessaging in Frameworks */ = {isa = PBXBuildFile; productRef = C63E2F242E5EC638009FECB5 /* FirebaseMessaging */; };
		C63E2F272E5EC638009FECB5 /* FirebasePerformance in Frameworks */ = {isa = PBXBuildFile; productRef = C63E2F262E5EC638009FECB5 /* FirebasePerformance */; };
		C63E2F292E5EC638009FECB5 /* FirebaseRemoteConfig in Frameworks */ = {isa = PBXBuildFile; productRef = C63E2F282E5EC638009FECB5 /* FirebaseRemoteConfig */; };
		C63E2F2B2E5EC638009FECB5 /* FirebaseStorage in Frameworks */ = {isa = PBXBuildFile; productRef = C63E2F2A2E5EC638009FECB5 /* FirebaseStorage */; };
		C63E2F2D2E5EC638009FECB5 /* FirebaseStorageCombine-Community in Frameworks */ = {isa = PBXBuildFile; productRef = C63E2F2C2E5EC638009FECB5 /* FirebaseStorageCombine-Community */; };
		C6E60CE52E7B7F8600C4EE52 /* ModernLiquidGlassControlBar.swift in Sources */ = {isa = PBXBuildFile; fileRef = C6E60CE42E7B7F8600C4EE52 /* ModernLiquidGlassControlBar.swift */; };
		C6E60CE72E7B7FDC00C4EE52 /* ModernChatView.swift in Sources */ = {isa = PBXBuildFile; fileRef = C6E60CE62E7B7FDC00C4EE52 /* ModernChatView.swift */; };
/* End PBXBuildFile section */

/* Begin PBXContainerItemProxy section */
		C63E2E412E5936E8009FECB5 /* PBXContainerItemProxy */ = {
			isa = PBXContainerItemProxy;
			containerPortal = C63E2E282E5936E7009FECB5 /* Project object */;
			proxyType = 1;
			remoteGlobalIDString = C63E2E2F2E5936E7009FECB5;
			remoteInfo = PracticeRoomChat;
		};
		C63E2E4B2E5936E8009FECB5 /* PBXContainerItemProxy */ = {
			isa = PBXContainerItemProxy;
			containerPortal = C63E2E282E5936E7009FECB5 /* Project object */;
			proxyType = 1;
			remoteGlobalIDString = C63E2E2F2E5936E7009FECB5;
			remoteInfo = PracticeRoomChat;
		};
/* End PBXContainerItemProxy section */

/* Begin PBXFileReference section */
		C63E2E302E5936E7009FECB5 /* PracticeRoomChat.app */ = {isa = PBXFileReference; explicitFileType = wrapper.application; includeInIndex = 0; path = PracticeRoomChat.app; sourceTree = BUILT_PRODUCTS_DIR; };
		C63E2E402E5936E8009FECB5 /* PracticeRoomChatTests.xctest */ = {isa = PBXFileReference; explicitFileType = wrapper.cfbundle; includeInIndex = 0; path = PracticeRoomChatTests.xctest; sourceTree = BUILT_PRODUCTS_DIR; };
		C63E2E4A2E5936E8009FECB5 /* PracticeRoomChatUITests.xctest */ = {isa = PBXFileReference; explicitFileType = wrapper.cfbundle; includeInIndex = 0; path = PracticeRoomChatUITests.xctest; sourceTree = BUILT_PRODUCTS_DIR; };
		C6E60CE42E7B7F8600C4EE52 /* ModernLiquidGlassControlBar.swift */ = {isa = PBXFileReference; lastKnownFileType = sourcecode.swift; path = ModernLiquidGlassControlBar.swift; sourceTree = "<group>"; };
		C6E60CE62E7B7FDC00C4EE52 /* ModernChatView.swift */ = {isa = PBXFileReference; lastKnownFileType = sourcecode.swift; path = ModernChatView.swift; sourceTree = "<group>"; };
/* End PBXFileReference section */

/* Begin PBXFileSystemSynchronizedRootGroup section */
		C63E2E322E5936E7009FECB5 /* PracticeRoomChat */ = {
			isa = PBXFileSystemSynchronizedRootGroup;
			path = PracticeRoomChat;
			sourceTree = "<group>";
		};
		C63E2E432E5936E8009FECB5 /* PracticeRoomChatTests */ = {
			isa = PBXFileSystemSynchronizedRootGroup;
			path = PracticeRoomChatTests;
			sourceTree = "<group>";
		};
		C63E2E4D2E5936E8009FECB5 /* PracticeRoomChatUITests */ = {
			isa = PBXFileSystemSynchronizedRootGroup;
			path = PracticeRoomChatUITests;
			sourceTree = "<group>";
		};
/* End PBXFileSystemSynchronizedRootGroup section */

/* Begin PBXFrameworksBuildPhase section */
		C63E2E2D2E5936E7009FECB5 /* Frameworks */ = {
			isa = PBXFrameworksBuildPhase;
			buildActionMask = 2147483647;
			files = (
				C63E2F192E5EC638009FECB5 /* FirebaseFirestoreCombine-Community in Frameworks */,
				C63E2F1B2E5EC638009FECB5 /* FirebaseFunctions in Frameworks */,
				C63E2F272E5EC638009FECB5 /* FirebasePerformance in Frameworks */,
				C63E2F2D2E5EC638009FECB5 /* FirebaseStorageCombine-Community in Frameworks */,
				C63E2F292E5EC638009FECB5 /* FirebaseRemoteConfig in Frameworks */,
				C63E2F072E5EC638009FECB5 /* FirebaseAnalyticsIdentitySupport in Frameworks */,
				C63E2F032E5EC638009FECB5 /* FirebaseAnalytics in Frameworks */,
				C63E2F052E5EC638009FECB5 /* FirebaseAnalyticsCore in Frameworks */,
				C63E2F092E5EC638009FECB5 /* FirebaseAppCheck in Frameworks */,
				C63E2F012E5EC638009FECB5 /* FirebaseAI in Frameworks */,
				C63E2F172E5EC638009FECB5 /* FirebaseFirestore in Frameworks */,
				C63E2F252E5EC638009FECB5 /* FirebaseMessaging in Frameworks */,
				C63E2F212E5EC638009FECB5 /* FirebaseInstallations in Frameworks */,
				C63E2F1D2E5EC638009FECB5 /* FirebaseFunctionsCombine-Community in Frameworks */,
				C63E2F0D2E5EC638009FECB5 /* FirebaseAuth in Frameworks */,
				C63E2F0B2E5EC638009FECB5 /* FirebaseAppDistribution-Beta in Frameworks */,
				C63E2F1F2E5EC638009FECB5 /* FirebaseInAppMessaging-Beta in Frameworks */,
				C63E2F132E5EC638009FECB5 /* FirebaseCrashlytics in Frameworks */,
				C63E2F152E5EC638009FECB5 /* FirebaseDatabase in Frameworks */,
				C63E2F232E5EC638009FECB5 /* FirebaseMLModelDownloader in Frameworks */,
				C63E2F2B2E5EC638009FECB5 /* FirebaseStorage in Frameworks */,
				C63E2F112E5EC638009FECB5 /* FirebaseCore in Frameworks */,
				C63E2F0F2E5EC638009FECB5 /* FirebaseAuthCombine-Community in Frameworks */,
			);
			runOnlyForDeploymentPostprocessing = 0;
		};
		C63E2E3D2E5936E8009FECB5 /* Frameworks */ = {
			isa = PBXFrameworksBuildPhase;
			buildActionMask = 2147483647;
			files = (
			);
			runOnlyForDeploymentPostprocessing = 0;
		};
		C63E2E472E5936E8009FECB5 /* Frameworks */ = {
			isa = PBXFrameworksBuildPhase;
			buildActionMask = 2147483647;
			files = (
			);
			runOnlyForDeploymentPostprocessing = 0;
		};
/* End PBXFrameworksBuildPhase section */

/* Begin PBXGroup section */
		C63E2E272E5936E7009FECB5 = {
			isa = PBXGroup;
			children = (
				C63E2E322E5936E7009FECB5 /* PracticeRoomChat */,
				C63E2E432E5936E8009FECB5 /* PracticeRoomChatTests */,
				C63E2E4D2E5936E8009FECB5 /* PracticeRoomChatUITests */,
				C63E2E312E5936E7009FECB5 /* Products */,
				C6E60CE42E7B7F8600C4EE52 /* ModernLiquidGlassControlBar.swift */,
				C6E60CE62E7B7FDC00C4EE52 /* ModernChatView.swift */,
			);
			sourceTree = "<group>";
		};
		C63E2E312E5936E7009FECB5 /* Products */ = {
			isa = PBXGroup;
			children = (
				C63E2E302E5936E7009FECB5 /* PracticeRoomChat.app */,
				C63E2E402E5936E8009FECB5 /* PracticeRoomChatTests.xctest */,
				C63E2E4A2E5936E8009FECB5 /* PracticeRoomChatUITests.xctest */,
			);
			name = Products;
			sourceTree = "<group>";
		};
/* End PBXGroup section */

/* Begin PBXNativeTarget section */
		C63E2E2F2E5936E7009FECB5 /* PracticeRoomChat */ = {
			isa = PBXNativeTarget;
			buildConfigurationList = C63E2E542E5936E8009FECB5 /* Build configuration list for PBXNativeTarget "PracticeRoomChat" */;
			buildPhases = (
				C63E2E2C2E5936E7009FECB5 /* Sources */,
				C63E2E2D2E5936E7009FECB5 /* Frameworks */,
				C63E2E2E2E5936E7009FECB5 /* Resources */,
			);
			buildRules = (
			);
			dependencies = (
			);
			fileSystemSynchronizedGroups = (
				C63E2E322E5936E7009FECB5 /* PracticeRoomChat */,
			);
			name = PracticeRoomChat;
			packageProductDependencies = (
				C63E2F002E5EC638009FECB5 /* FirebaseAI */,
				C63E2F022E5EC638009FECB5 /* FirebaseAnalytics */,
				C63E2F042E5EC638009FECB5 /* FirebaseAnalyticsCore */,
				C63E2F062E5EC638009FECB5 /* FirebaseAnalyticsIdentitySupport */,
				C63E2F082E5EC638009FECB5 /* FirebaseAppCheck */,
				C63E2F0A2E5EC638009FECB5 /* FirebaseAppDistribution-Beta */,
				C63E2F0C2E5EC638009FECB5 /* FirebaseAuth */,
				C63E2F0E2E5EC638009FECB5 /* FirebaseAuthCombine-Community */,
				C63E2F102E5EC638009FECB5 /* FirebaseCore */,
				C63E2F122E5EC638009FECB5 /* FirebaseCrashlytics */,
				C63E2F142E5EC638009FECB5 /* FirebaseDatabase */,
				C63E2F162E5EC638009FECB5 /* FirebaseFirestore */,
				C63E2F182E5EC638009FECB5 /* FirebaseFirestoreCombine-Community */,
				C63E2F1A2E5EC638009FECB5 /* FirebaseFunctions */,
				C63E2F1C2E5EC638009FECB5 /* FirebaseFunctionsCombine-Community */,
				C63E2F1E2E5EC638009FECB5 /* FirebaseInAppMessaging-Beta */,
				C63E2F202E5EC638009FECB5 /* FirebaseInstallations */,
				C63E2F222E5EC638009FECB5 /* FirebaseMLModelDownloader */,
				C63E2F242E5EC638009FECB5 /* FirebaseMessaging */,
				C63E2F262E5EC638009FECB5 /* FirebasePerformance */,
				C63E2F282E5EC638009FECB5 /* FirebaseRemoteConfig */,
				C63E2F2A2E5EC638009FECB5 /* FirebaseStorage */,
				C63E2F2C2E5EC638009FECB5 /* FirebaseStorageCombine-Community */,
			);
			productName = PracticeRoomChat;
			productReference = C63E2E302E5936E7009FECB5 /* PracticeRoomChat.app */;
			productType = "com.apple.product-type.application";
		};
		C63E2E3F2E5936E8009FECB5 /* PracticeRoomChatTests */ = {
			isa = PBXNativeTarget;
			buildConfigurationList = C63E2E572E5936E8009FECB5 /* Build configuration list for PBXNativeTarget "PracticeRoomChatTests" */;
			buildPhases = (
				C63E2E3C2E5936E8009FECB5 /* Sources */,
				C63E2E3D2E5936E8009FECB5 /* Frameworks */,
				C63E2E3E2E5936E8009FECB5 /* Resources */,
			);
			buildRules = (
			);
			dependencies = (
				C63E2E422E5936E8009FECB5 /* PBXTargetDependency */,
			);
			fileSystemSynchronizedGroups = (
				C63E2E432E5936E8009FECB5 /* PracticeRoomChatTests */,
			);
			name = PracticeRoomChatTests;
			packageProductDependencies = (
			);
			productName = PracticeRoomChatTests;
			productReference = C63E2E402E5936E8009FECB5 /* PracticeRoomChatTests.xctest */;
			productType = "com.apple.product-type.bundle.unit-test";
		};
		C63E2E492E5936E8009FECB5 /* PracticeRoomChatUITests */ = {
			isa = PBXNativeTarget;
			buildConfigurationList = C63E2E5A2E5936E8009FECB5 /* Build configuration list for PBXNativeTarget "PracticeRoomChatUITests" */;
			buildPhases = (
				C63E2E462E5936E8009FECB5 /* Sources */,
				C63E2E472E5936E8009FECB5 /* Frameworks */,
				C63E2E482E5936E8009FECB5 /* Resources */,
			);
			buildRules = (
			);
			dependencies = (
				C63E2E4C2E5936E8009FECB5 /* PBXTargetDependency */,
			);
			fileSystemSynchronizedGroups = (
				C63E2E4D2E5936E8009FECB5 /* PracticeRoomChatUITests */,
			);
			name = PracticeRoomChatUITests;
			packageProductDependencies = (
			);
			productName = PracticeRoomChatUITests;
			productReference = C63E2E4A2E5936E8009FECB5 /* PracticeRoomChatUITests.xctest */;
			productType = "com.apple.product-type.bundle.ui-testing";
		};
/* End PBXNativeTarget section */

/* Begin PBXProject section */
		C63E2E282E5936E7009FECB5 /* Project object */ = {
			isa = PBXProject;
			attributes = {
				BuildIndependentTargetsInParallel = 1;
				LastSwiftUpdateCheck = 1620;
				LastUpgradeCheck = 1620;
				TargetAttributes = {
					C63E2E2F2E5936E7009FECB5 = {
						CreatedOnToolsVersion = 16.2;
					};
					C63E2E3F2E5936E8009FECB5 = {
						CreatedOnToolsVersion = 16.2;
						TestTargetID = C63E2E2F2E5936E7009FECB5;
					};
					C63E2E492E5936E8009FECB5 = {
						CreatedOnToolsVersion = 16.2;
						TestTargetID = C63E2E2F2E5936E7009FECB5;
					};
				};
			};
			buildConfigurationList = C63E2E2B2E5936E7009FECB5 /* Build configuration list for PBXProject "PracticeRoomChat" */;
			developmentRegion = en;
			hasScannedForEncodings = 0;
			knownRegions = (
				en,
				Base,
			);
			mainGroup = C63E2E272E5936E7009FECB5;
			minimizedProjectReferenceProxies = 1;
			packageReferences = (
				C63E2EC92E5E9F71009FECB5 /* XCRemoteSwiftPackageReference "firebase-ios-sdk" */,
			);
			preferredProjectObjectVersion = 77;
			productRefGroup = C63E2E312E5936E7009FECB5 /* Products */;
			projectDirPath = "";
			projectRoot = "";
			targets = (
				C63E2E2F2E5936E7009FECB5 /* PracticeRoomChat */,
				C63E2E3F2E5936E8009FECB5 /* PracticeRoomChatTests */,
				C63E2E492E5936E8009FECB5 /* PracticeRoomChatUITests */,
			);
		};
/* End PBXProject section */

/* Begin PBXResourcesBuildPhase section */
		C63E2E2E2E5936E7009FECB5 /* Resources */ = {
			isa = PBXResourcesBuildPhase;
			buildActionMask = 2147483647;
			files = (
			);
			runOnlyForDeploymentPostprocessing = 0;
		};
		C63E2E3E2E5936E8009FECB5 /* Resources */ = {
			isa = PBXResourcesBuildPhase;
			buildActionMask = 2147483647;
			files = (
			);
			runOnlyForDeploymentPostprocessing = 0;
		};
		C63E2E482E5936E8009FECB5 /* Resources */ = {
			isa = PBXResourcesBuildPhase;
			buildActionMask = 2147483647;
			files = (
			);
			runOnlyForDeploymentPostprocessing = 0;
		};
/* End PBXResourcesBuildPhase section */

/* Begin PBXSourcesBuildPhase section */
		C63E2E2C2E5936E7009FECB5 /* Sources */ = {
			isa = PBXSourcesBuildPhase;
			buildActionMask = 2147483647;
			files = (
				C6E60CE72E7B7FDC00C4EE52 /* ModernChatView.swift in Sources */,
				C6E60CE52E7B7F8600C4EE52 /* ModernLiquidGlassControlBar.swift in Sources */,
			);
			runOnlyForDeploymentPostprocessing = 0;
		};
		C63E2E3C2E5936E8009FECB5 /* Sources */ = {
			isa = PBXSourcesBuildPhase;
			buildActionMask = 2147483647;
			files = (
			);
			runOnlyForDeploymentPostprocessing = 0;
		};
		C63E2E462E5936E8009FECB5 /* Sources */ = {
			isa = PBXSourcesBuildPhase;
			buildActionMask = 2147483647;
			files = (
			);
			runOnlyForDeploymentPostprocessing = 0;
		};
/* End PBXSourcesBuildPhase section */

/* Begin PBXTargetDependency section */
		C63E2E422E5936E8009FECB5 /* PBXTargetDependency */ = {
			isa = PBXTargetDependency;
			target = C63E2E2F2E5936E7009FECB5 /* PracticeRoomChat */;
			targetProxy = C63E2E412E5936E8009FECB5 /* PBXContainerItemProxy */;
		};
		C63E2E4C2E5936E8009FECB5 /* PBXTargetDependency */ = {
			isa = PBXTargetDependency;
			target = C63E2E2F2E5936E7009FECB5 /* PracticeRoomChat */;
			targetProxy = C63E2E4B2E5936E8009FECB5 /* PBXContainerItemProxy */;
		};
/* End PBXTargetDependency section */

/* Begin XCBuildConfiguration section */
		C63E2E522E5936E8009FECB5 /* Debug */ = {
			isa = XCBuildConfiguration;
			buildSettings = {
				ALWAYS_SEARCH_USER_PATHS = NO;
				ASSETCATALOG_COMPILER_GENERATE_SWIFT_ASSET_SYMBOL_EXTENSIONS = YES;
				CLANG_ANALYZER_NONNULL = YES;
				CLANG_ANALYZER_NUMBER_OBJECT_CONVERSION = YES_AGGRESSIVE;
				CLANG_CXX_LANGUAGE_STANDARD = "gnu++20";
				CLANG_ENABLE_MODULES = YES;
				CLANG_ENABLE_OBJC_ARC = YES;
				CLANG_ENABLE_OBJC_WEAK = YES;
				CLANG_WARN_BLOCK_CAPTURE_AUTORELEASING = YES;
				CLANG_WARN_BOOL_CONVERSION = YES;
				CLANG_WARN_COMMA = YES;
				CLANG_WARN_CONSTANT_CONVERSION = YES;
				CLANG_WARN_DEPRECATED_OBJC_IMPLEMENTATIONS = YES;
				CLANG_WARN_DIRECT_OBJC_ISA_USAGE = YES_ERROR;
				CLANG_WARN_DOCUMENTATION_COMMENTS = YES;
				CLANG_WARN_EMPTY_BODY = YES;
				CLANG_WARN_ENUM_CONVERSION = YES;
				CLANG_WARN_INFINITE_RECURSION = YES;
				CLANG_WARN_INT_CONVERSION = YES;
				CLANG_WARN_NON_LITERAL_NULL_CONVERSION = YES;
				CLANG_WARN_OBJC_IMPLICIT_RETAIN_SELF = YES;
				CLANG_WARN_OBJC_LITERAL_CONVERSION = YES;
				CLANG_WARN_OBJC_ROOT_CLASS = YES_ERROR;
				CLANG_WARN_QUOTED_INCLUDE_IN_FRAMEWORK_HEADER = YES;
				CLANG_WARN_RANGE_LOOP_ANALYSIS = YES;
				CLANG_WARN_STRICT_PROTOTYPES = YES;
				CLANG_WARN_SUSPICIOUS_MOVE = YES;
				CLANG_WARN_UNGUARDED_AVAILABILITY = YES_AGGRESSIVE;
				CLANG_WARN_UNREACHABLE_CODE = YES;
				CLANG_WARN__DUPLICATE_METHOD_MATCH = YES;
				COPY_PHASE_STRIP = NO;
				DEBUG_INFORMATION_FORMAT = dwarf;
				ENABLE_STRICT_OBJC_MSGSEND = YES;
				ENABLE_TESTABILITY = YES;
				ENABLE_USER_SCRIPT_SANDBOXING = YES;
				GCC_C_LANGUAGE_STANDARD = gnu17;
				GCC_DYNAMIC_NO_PIC = NO;
				GCC_NO_COMMON_BLOCKS = YES;
				GCC_OPTIMIZATION_LEVEL = 0;
				GCC_PREPROCESSOR_DEFINITIONS = (
					"DEBUG=1",
					"$(inherited)",
				);
				GCC_WARN_64_TO_32_BIT_CONVERSION = YES;
				GCC_WARN_ABOUT_RETURN_TYPE = YES_ERROR;
				GCC_WARN_UNDECLARED_SELECTOR = YES;
				GCC_WARN_UNINITIALIZED_AUTOS = YES_AGGRESSIVE;
				GCC_WARN_UNUSED_FUNCTION = YES;
				GCC_WARN_UNUSED_VARIABLE = YES;
				IPHONEOS_DEPLOYMENT_TARGET = 26.0;
				LOCALIZATION_PREFERS_STRING_CATALOGS = YES;
				MTL_ENABLE_DEBUG_INFO = INCLUDE_SOURCE;
				MTL_FAST_MATH = YES;
				ONLY_ACTIVE_ARCH = YES;
				SDKROOT = iphoneos;
				SWIFT_ACTIVE_COMPILATION_CONDITIONS = "DEBUG $(inherited)";
				SWIFT_OPTIMIZATION_LEVEL = "-Onone";
			};
			name = Debug;
		};
		C63E2E532E5936E8009FECB5 /* Release */ = {
			isa = XCBuildConfiguration;
			buildSettings = {
				ALWAYS_SEARCH_USER_PATHS = NO;
				ASSETCATALOG_COMPILER_GENERATE_SWIFT_ASSET_SYMBOL_EXTENSIONS = YES;
				CLANG_ANALYZER_NONNULL = YES;
				CLANG_ANALYZER_NUMBER_OBJECT_CONVERSION = YES_AGGRESSIVE;
				CLANG_CXX_LANGUAGE_STANDARD = "gnu++20";
				CLANG_ENABLE_MODULES = YES;
				CLANG_ENABLE_OBJC_ARC = YES;
				CLANG_ENABLE_OBJC_WEAK = YES;
				CLANG_WARN_BLOCK_CAPTURE_AUTORELEASING = YES;
				CLANG_WARN_BOOL_CONVERSION = YES;
				CLANG_WARN_COMMA = YES;
				CLANG_WARN_CONSTANT_CONVERSION = YES;
				CLANG_WARN_DEPRECATED_OBJC_IMPLEMENTATIONS = YES;
				CLANG_WARN_DIRECT_OBJC_ISA_USAGE = YES_ERROR;
				CLANG_WARN_DOCUMENTATION_COMMENTS = YES;
				CLANG_WARN_EMPTY_BODY = YES;
				CLANG_WARN_ENUM_CONVERSION = YES;
				CLANG_WARN_INFINITE_RECURSION = YES;
				CLANG_WARN_INT_CONVERSION = YES;
				CLANG_WARN_NON_LITERAL_NULL_CONVERSION = YES;
				CLANG_WARN_OBJC_IMPLICIT_RETAIN_SELF = YES;
				CLANG_WARN_OBJC_LITERAL_CONVERSION = YES;
				CLANG_WARN_OBJC_ROOT_CLASS = YES_ERROR;
				CLANG_WARN_QUOTED_INCLUDE_IN_FRAMEWORK_HEADER = YES;
				CLANG_WARN_RANGE_LOOP_ANALYSIS = YES;
				CLANG_WARN_STRICT_PROTOTYPES = YES;
				CLANG_WARN_SUSPICIOUS_MOVE = YES;
				CLANG_WARN_UNGUARDED_AVAILABILITY = YES_AGGRESSIVE;
				CLANG_WARN_UNREACHABLE_CODE = YES;
				CLANG_WARN__DUPLICATE_METHOD_MATCH = YES;
				COPY_PHASE_STRIP = NO;
				DEBUG_INFORMATION_FORMAT = "dwarf-with-dsym";
				ENABLE_NS_ASSERTIONS = NO;
				ENABLE_STRICT_OBJC_MSGSEND = YES;
				ENABLE_USER_SCRIPT_SANDBOXING = YES;
				GCC_C_LANGUAGE_STANDARD = gnu17;
				GCC_NO_COMMON_BLOCKS = YES;
				GCC_WARN_64_TO_32_BIT_CONVERSION = YES;
				GCC_WARN_ABOUT_RETURN_TYPE = YES_ERROR;
				GCC_WARN_UNDECLARED_SELECTOR = YES;
				GCC_WARN_UNINITIALIZED_AUTOS = YES_AGGRESSIVE;
				GCC_WARN_UNUSED_FUNCTION = YES;
				GCC_WARN_UNUSED_VARIABLE = YES;
				IPHONEOS_DEPLOYMENT_TARGET = 26.0;
				LOCALIZATION_PREFERS_STRING_CATALOGS = YES;
				MTL_ENABLE_DEBUG_INFO = NO;
				MTL_FAST_MATH = YES;
				SDKROOT = iphoneos;
				SWIFT_COMPILATION_MODE = wholemodule;
				VALIDATE_PRODUCT = YES;
			};
			name = Release;
		};
		C63E2E552E5936E8009FECB5 /* Debug */ = {
			isa = XCBuildConfiguration;
			buildSettings = {
				ASSETCATALOG_COMPILER_APPICON_NAME = AppIcon;
				ASSETCATALOG_COMPILER_GLOBAL_ACCENT_COLOR_NAME = AccentColor;
				CODE_SIGN_STYLE = Automatic;
				CURRENT_PROJECT_VERSION = 1;
				DEVELOPMENT_ASSET_PATHS = "\"PracticeRoomChat/Preview Content\"";
				DEVELOPMENT_TEAM = H888J769YT;
				ENABLE_PREVIEWS = YES;
				GENERATE_INFOPLIST_FILE = YES;
				INFOPLIST_KEY_CFBundleDisplayName = "Practice Room";
				INFOPLIST_KEY_UIApplicationSceneManifest_Generation = YES;
				INFOPLIST_KEY_UIApplicationSupportsIndirectInputEvents = YES;
				INFOPLIST_KEY_UILaunchScreen_Generation = YES;
				INFOPLIST_KEY_UISupportedInterfaceOrientations_iPad = "UIInterfaceOrientationPortrait UIInterfaceOrientationPortraitUpsideDown UIInterfaceOrientationLandscapeLeft UIInterfaceOrientationLandscapeRight";
				INFOPLIST_KEY_UISupportedInterfaceOrientations_iPhone = "UIInterfaceOrientationPortrait UIInterfaceOrientationLandscapeLeft UIInterfaceOrientationLandscapeRight";
				LD_RUNPATH_SEARCH_PATHS = (
					"$(inherited)",
					"@executable_path/Frameworks",
				);
				MARKETING_VERSION = 1.0;
				PRODUCT_BUNDLE_IDENTIFIER = "Aristotle-F.Practice-Room--Chat";
				PRODUCT_NAME = "$(TARGET_NAME)";
				SWIFT_EMIT_LOC_STRINGS = YES;
				SWIFT_VERSION = 5.0;
				TARGETED_DEVICE_FAMILY = "1,2";
			};
			name = Debug;
		};
		C63E2E562E5936E8009FECB5 /* Release */ = {
			isa = XCBuildConfiguration;
			buildSettings = {
				ASSETCATALOG_COMPILER_APPICON_NAME = AppIcon;
				ASSETCATALOG_COMPILER_GLOBAL_ACCENT_COLOR_NAME = AccentColor;
				CODE_SIGN_STYLE = Automatic;
				CURRENT_PROJECT_VERSION = 1;
				DEVELOPMENT_ASSET_PATHS = "\"PracticeRoomChat/Preview Content\"";
				DEVELOPMENT_TEAM = H888J769YT;
				ENABLE_PREVIEWS = YES;
				GENERATE_INFOPLIST_FILE = YES;
				INFOPLIST_KEY_CFBundleDisplayName = "Practice Room";
				INFOPLIST_KEY_UIApplicationSceneManifest_Generation = YES;
				INFOPLIST_KEY_UIApplicationSupportsIndirectInputEvents = YES;
				INFOPLIST_KEY_UILaunchScreen_Generation = YES;
				INFOPLIST_KEY_UISupportedInterfaceOrientations_iPad = "UIInterfaceOrientationPortrait UIInterfaceOrientationPortraitUpsideDown UIInterfaceOrientationLandscapeLeft UIInterfaceOrientationLandscapeRight";
				INFOPLIST_KEY_UISupportedInterfaceOrientations_iPhone = "UIInterfaceOrientationPortrait UIInterfaceOrientationLandscapeLeft UIInterfaceOrientationLandscapeRight";
				LD_RUNPATH_SEARCH_PATHS = (
					"$(inherited)",
					"@executable_path/Frameworks",
				);
				MARKETING_VERSION = 1.0;
				PRODUCT_BUNDLE_IDENTIFIER = "Aristotle-F.Practice-Room--Chat";
				PRODUCT_NAME = "$(TARGET_NAME)";
				SWIFT_EMIT_LOC_STRINGS = YES;
				SWIFT_VERSION = 5.0;
				TARGETED_DEVICE_FAMILY = "1,2";
			};
			name = Release;
		};
		C63E2E582E5936E8009FECB5 /* Debug */ = {
			isa = XCBuildConfiguration;
			buildSettings = {
				BUNDLE_LOADER = "$(TEST_HOST)";
				CODE_SIGN_STYLE = Automatic;
				CURRENT_PROJECT_VERSION = 1;
				DEVELOPMENT_TEAM = H888J769YT;
				GENERATE_INFOPLIST_FILE = YES;
				IPHONEOS_DEPLOYMENT_TARGET = 26.0;
				MARKETING_VERSION = 1.0;
				PRODUCT_BUNDLE_IDENTIFIER = "Aristotle-F.Practice-Room--ChatTests";
				PRODUCT_NAME = "$(TARGET_NAME)";
				SWIFT_EMIT_LOC_STRINGS = NO;
				SWIFT_VERSION = 5.0;
				TARGETED_DEVICE_FAMILY = "1,2";
				TEST_HOST = "$(BUILT_PRODUCTS_DIR)/PracticeRoomChat.app/$(BUNDLE_EXECUTABLE_FOLDER_PATH)/PracticeRoomChat";
			};
			name = Debug;
		};
		C63E2E592E5936E8009FECB5 /* Release */ = {
			isa = XCBuildConfiguration;
			buildSettings = {
				BUNDLE_LOADER = "$(TEST_HOST)";
				CODE_SIGN_STYLE = Automatic;
				CURRENT_PROJECT_VERSION = 1;
				DEVELOPMENT_TEAM = H888J769YT;
				GENERATE_INFOPLIST_FILE = YES;
				IPHONEOS_DEPLOYMENT_TARGET = 26.0;
				MARKETING_VERSION = 1.0;
				PRODUCT_BUNDLE_IDENTIFIER = "Aristotle-F.Practice-Room--ChatTests";
				PRODUCT_NAME = "$(TARGET_NAME)";
				SWIFT_EMIT_LOC_STRINGS = NO;
				SWIFT_VERSION = 5.0;
				TARGETED_DEVICE_FAMILY = "1,2";
				TEST_HOST = "$(BUILT_PRODUCTS_DIR)/PracticeRoomChat.app/$(BUNDLE_EXECUTABLE_FOLDER_PATH)/PracticeRoomChat";
			};
			name = Release;
		};
		C63E2E5B2E5936E8009FECB5 /* Debug */ = {
			isa = XCBuildConfiguration;
			buildSettings = {
				CODE_SIGN_STYLE = Automatic;
				CURRENT_PROJECT_VERSION = 1;
				DEVELOPMENT_TEAM = H888J769YT;
				GENERATE_INFOPLIST_FILE = YES;
				MARKETING_VERSION = 1.0;
				PRODUCT_BUNDLE_IDENTIFIER = "Aristotle-F.Practice-Room--ChatUITests";
				PRODUCT_NAME = "$(TARGET_NAME)";
				SWIFT_EMIT_LOC_STRINGS = NO;
				SWIFT_VERSION = 5.0;
				TARGETED_DEVICE_FAMILY = "1,2";
				TEST_TARGET_NAME = PracticeRoomChat;
			};
			name = Debug;
		};
		C63E2E5C2E5936E8009FECB5 /* Release */ = {
			isa = XCBuildConfiguration;
			buildSettings = {
				CODE_SIGN_STYLE = Automatic;
				CURRENT_PROJECT_VERSION = 1;
				DEVELOPMENT_TEAM = H888J769YT;
				GENERATE_INFOPLIST_FILE = YES;
				MARKETING_VERSION = 1.0;
				PRODUCT_BUNDLE_IDENTIFIER = "Aristotle-F.Practice-Room--ChatUITests";
				PRODUCT_NAME = "$(TARGET_NAME)";
				SWIFT_EMIT_LOC_STRINGS = NO;
				SWIFT_VERSION = 5.0;
				TARGETED_DEVICE_FAMILY = "1,2";
				TEST_TARGET_NAME = PracticeRoomChat;
			};
			name = Release;
		};
/* End XCBuildConfiguration section */

/* Begin XCConfigurationList section */
		C63E2E2B2E5936E7009FECB5 /* Build configuration list for PBXProject "PracticeRoomChat" */ = {
			isa = XCConfigurationList;
			buildConfigurations = (
				C63E2E522E5936E8009FECB5 /* Debug */,
				C63E2E532E5936E8009FECB5 /* Release */,
			);
			defaultConfigurationIsVisible = 0;
			defaultConfigurationName = Release;
		};
		C63E2E542E5936E8009FECB5 /* Build configuration list for PBXNativeTarget "PracticeRoomChat" */ = {
			isa = XCConfigurationList;
			buildConfigurations = (
				C63E2E552E5936E8009FECB5 /* Debug */,
				C63E2E562E5936E8009FECB5 /* Release */,
			);
			defaultConfigurationIsVisible = 0;
			defaultConfigurationName = Release;
		};
		C63E2E572E5936E8009FECB5 /* Build configuration list for PBXNativeTarget "PracticeRoomChatTests" */ = {
			isa = XCConfigurationList;
			buildConfigurations = (
				C63E2E582E5936E8009FECB5 /* Debug */,
				C63E2E592E5936E8009FECB5 /* Release */,
			);
			defaultConfigurationIsVisible = 0;
			defaultConfigurationName = Release;
		};
		C63E2E5A2E5936E8009FECB5 /* Build configuration list for PBXNativeTarget "PracticeRoomChatUITests" */ = {
			isa = XCConfigurationList;
			buildConfigurations = (
				C63E2E5B2E5936E8009FECB5 /* Debug */,
				C63E2E5C2E5936E8009FECB5 /* Release */,
			);
			defaultConfigurationIsVisible = 0;
			defaultConfigurationName = Release;
		};
/* End XCConfigurationList section */

/* Begin XCRemoteSwiftPackageReference section */
		C63E2EC92E5E9F71009FECB5 /* XCRemoteSwiftPackageReference "firebase-ios-sdk" */ = {
			isa = XCRemoteSwiftPackageReference;
			repositoryURL = "https://github.com/firebase/firebase-ios-sdk";
			requirement = {
				kind = upToNextMajorVersion;
				minimumVersion = 12.1.0;
			};
		};
/* End XCRemoteSwiftPackageReference section */

/* Begin XCSwiftPackageProductDependency section */
		C63E2F002E5EC638009FECB5 /* FirebaseAI */ = {
			isa = XCSwiftPackageProductDependency;
			package = C63E2EC92E5E9F71009FECB5 /* XCRemoteSwiftPackageReference "firebase-ios-sdk" */;
			productName = FirebaseAI;
		};
		C63E2F022E5EC638009FECB5 /* FirebaseAnalytics */ = {
			isa = XCSwiftPackageProductDependency;
			package = C63E2EC92E5E9F71009FECB5 /* XCRemoteSwiftPackageReference "firebase-ios-sdk" */;
			productName = FirebaseAnalytics;
		};
		C63E2F042E5EC638009FECB5 /* FirebaseAnalyticsCore */ = {
			isa = XCSwiftPackageProductDependency;
			package = C63E2EC92E5E9F71009FECB5 /* XCRemoteSwiftPackageReference "firebase-ios-sdk" */;
			productName = FirebaseAnalyticsCore;
		};
		C63E2F062E5EC638009FECB5 /* FirebaseAnalyticsIdentitySupport */ = {
			isa = XCSwiftPackageProductDependency;
			package = C63E2EC92E5E9F71009FECB5 /* XCRemoteSwiftPackageReference "firebase-ios-sdk" */;
			productName = FirebaseAnalyticsIdentitySupport;
		};
		C63E2F082E5EC638009FECB5 /* FirebaseAppCheck */ = {
			isa = XCSwiftPackageProductDependency;
			package = C63E2EC92E5E9F71009FECB5 /* XCRemoteSwiftPackageReference "firebase-ios-sdk" */;
			productName = FirebaseAppCheck;
		};
		C63E2F0A2E5EC638009FECB5 /* FirebaseAppDistribution-Beta */ = {
			isa = XCSwiftPackageProductDependency;
			package = C63E2EC92E5E9F71009FECB5 /* XCRemoteSwiftPackageReference "firebase-ios-sdk" */;
			productName = "FirebaseAppDistribution-Beta";
		};
		C63E2F0C2E5EC638009FECB5 /* FirebaseAuth */ = {
			isa = XCSwiftPackageProductDependency;
			package = C63E2EC92E5E9F71009FECB5 /* XCRemoteSwiftPackageReference "firebase-ios-sdk" */;
			productName = FirebaseAuth;
		};
		C63E2F0E2E5EC638009FECB5 /* FirebaseAuthCombine-Community */ = {
			isa = XCSwiftPackageProductDependency;
			package = C63E2EC92E5E9F71009FECB5 /* XCRemoteSwiftPackageReference "firebase-ios-sdk" */;
			productName = "FirebaseAuthCombine-Community";
		};
		C63E2F102E5EC638009FECB5 /* FirebaseCore */ = {
			isa = XCSwiftPackageProductDependency;
			package = C63E2EC92E5E9F71009FECB5 /* XCRemoteSwiftPackageReference "firebase-ios-sdk" */;
			productName = FirebaseCore;
		};
		C63E2F122E5EC638009FECB5 /* FirebaseCrashlytics */ = {
			isa = XCSwiftPackageProductDependency;
			package = C63E2EC92E5E9F71009FECB5 /* XCRemoteSwiftPackageReference "firebase-ios-sdk" */;
			productName = FirebaseCrashlytics;
		};
		C63E2F142E5EC638009FECB5 /* FirebaseDatabase */ = {
			isa = XCSwiftPackageProductDependency;
			package = C63E2EC92E5E9F71009FECB5 /* XCRemoteSwiftPackageReference "firebase-ios-sdk" */;
			productName = FirebaseDatabase;
		};
		C63E2F162E5EC638009FECB5 /* FirebaseFirestore */ = {
			isa = XCSwiftPackageProductDependency;
			package = C63E2EC92E5E9F71009FECB5 /* XCRemoteSwiftPackageReference "firebase-ios-sdk" */;
			productName = FirebaseFirestore;
		};
		C63E2F182E5EC638009FECB5 /* FirebaseFirestoreCombine-Community */ = {
			isa = XCSwiftPackageProductDependency;
			package = C63E2EC92E5E9F71009FECB5 /* XCRemoteSwiftPackageReference "firebase-ios-sdk" */;
			productName = "FirebaseFirestoreCombine-Community";
		};
		C63E2F1A2E5EC638009FECB5 /* FirebaseFunctions */ = {
			isa = XCSwiftPackageProductDependency;
			package = C63E2EC92E5E9F71009FECB5 /* XCRemoteSwiftPackageReference "firebase-ios-sdk" */;
			productName = FirebaseFunctions;
		};
		C63E2F1C2E5EC638009FECB5 /* FirebaseFunctionsCombine-Community */ = {
			isa = XCSwiftPackageProductDependency;
			package = C63E2EC92E5E9F71009FECB5 /* XCRemoteSwiftPackageReference "firebase-ios-sdk" */;
			productName = "FirebaseFunctionsCombine-Community";
		};
		C63E2F1E2E5EC638009FECB5 /* FirebaseInAppMessaging-Beta */ = {
			isa = XCSwiftPackageProductDependency;
			package = C63E2EC92E5E9F71009FECB5 /* XCRemoteSwiftPackageReference "firebase-ios-sdk" */;
			productName = "FirebaseInAppMessaging-Beta";
		};
		C63E2F202E5EC638009FECB5 /* FirebaseInstallations */ = {
			isa = XCSwiftPackageProductDependency;
			package = C63E2EC92E5E9F71009FECB5 /* XCRemoteSwiftPackageReference "firebase-ios-sdk" */;
			productName = FirebaseInstallations;
		};
		C63E2F222E5EC638009FECB5 /* FirebaseMLModelDownloader */ = {
			isa = XCSwiftPackageProductDependency;
			package = C63E2EC92E5E9F71009FECB5 /* XCRemoteSwiftPackageReference "firebase-ios-sdk" */;
			productName = FirebaseMLModelDownloader;
		};
		C63E2F242E5EC638009FECB5 /* FirebaseMessaging */ = {
			isa = XCSwiftPackageProductDependency;
			package = C63E2EC92E5E9F71009FECB5 /* XCRemoteSwiftPackageReference "firebase-ios-sdk" */;
			productName = FirebaseMessaging;
		};
		C63E2F262E5EC638009FECB5 /* FirebasePerformance */ = {
			isa = XCSwiftPackageProductDependency;
			package = C63E2EC92E5E9F71009FECB5 /* XCRemoteSwiftPackageReference "firebase-ios-sdk" */;
			productName = FirebasePerformance;
		};
		C63E2F282E5EC638009FECB5 /* FirebaseRemoteConfig */ = {
			isa = XCSwiftPackageProductDependency;
			package = C63E2EC92E5E9F71009FECB5 /* XCRemoteSwiftPackageReference "firebase-ios-sdk" */;
			productName = FirebaseRemoteConfig;
		};
		C63E2F2A2E5EC638009FECB5 /* FirebaseStorage */ = {
			isa = XCSwiftPackageProductDependency;
			package = C63E2EC92E5E9F71009FECB5 /* XCRemoteSwiftPackageReference "firebase-ios-sdk" */;
			productName = FirebaseStorage;
		};
		C63E2F2C2E5EC638009FECB5 /* FirebaseStorageCombine-Community */ = {
			isa = XCSwiftPackageProductDependency;
			package = C63E2EC92E5E9F71009FECB5 /* XCRemoteSwiftPackageReference "firebase-ios-sdk" */;
			productName = "FirebaseStorageCombine-Community";
		};
/* End XCSwiftPackageProductDependency section */
	};
	rootObject = C63E2E282E5936E7009FECB5 /* Project object */;
}
